
Microsoft Visual Studio Solution File, Format Version 12.00
# Visual Studio 15
VisualStudioVersion = 15.0.28307.902
MinimumVisualStudioVersion = 10.0.40219.1
Project("{FAE04EC0-301F-11D3-BF4B-00C04F79EFBC}") = "생산 가동 현황 모니터링 프로그램", "생산 가동 현황 모니터링 프로그램.csproj", "{45287379-A106-47CB-8FEA-7B31C6D5FA31}"
EndProject
Global
	GlobalSection(SolutionConfigurationPlatforms) = preSolution
		Debug|Any CPU = Debug|Any CPU
		Release|Any CPU = Release|Any CPU
	EndGlobalSection
	GlobalSection(ProjectConfigurationPlatforms) = postSolution
		{45287379-A106-47CB-8FEA-7B31C6D5FA31}.Debug|Any CPU.ActiveCfg = Debug|Any CPU
		{45287379-A106-47CB-8FEA-7B31C6D5FA31}.Debug|Any CPU.Build.0 = Debug|Any CPU
		{45287379-A106-47CB-8FEA-7B31C6D5FA31}.Release|Any CPU.ActiveCfg = Release|Any CPU
		{45287379-A106-47CB-8FEA-7B31C6D5FA31}.Release|Any CPU.Build.0 = Release|Any CPU
	EndGlobalSection
	GlobalSection(SolutionProperties) = preSolution
		HideSolutionNode = FALSE
	EndGlobalSection
	GlobalSection(ExtensibilityGlobals) = postSolution
		SolutionGuid = {BB5E8937-BECB-473F-B883-29A271234FC1}
	EndGlobalSection
EndGlobal
